
Microsoft Visual Studio Solution File, Format Version 12.00
# Visual Studio 15
VisualStudioVersion = 15.0.27130.2036
MinimumVisualStudioVersion = 10.0.40219.1
Project("{FAE04EC0-301F-11D3-BF4B-00C04F79EFBC}") = "Rough Project work", "Rough Project work\Rough Project work.csproj", "{06144B73-CE23-49AD-8C82-0BBDE4E3D9C6}"
EndProject
Global
	GlobalSection(SolutionConfigurationPlatforms) = preSolution
		Debug|Any CPU = Debug|Any CPU
		Release|Any CPU = Release|Any CPU
	EndGlobalSection
	GlobalSection(ProjectConfigurationPlatforms) = postSolution
		{06144B73-CE23-49AD-8C82-0BBDE4E3D9C6}.Debug|Any CPU.ActiveCfg = Debug|Any CPU
		{06144B73-CE23-49AD-8C82-0BBDE4E3D9C6}.Debug|Any CPU.Build.0 = Debug|Any CPU
		{06144B73-CE23-49AD-8C82-0BBDE4E3D9C6}.Release|Any CPU.ActiveCfg = Release|Any CPU
		{06144B73-CE23-49AD-8C82-0BBDE4E3D9C6}.Release|Any CPU.Build.0 = Release|Any CPU
	EndGlobalSection
	GlobalSection(SolutionProperties) = preSolution
		HideSolutionNode = FALSE
	EndGlobalSection
	GlobalSection(ExtensibilityGlobals) = postSolution
		SolutionGuid = {D4B98BF9-0FCF-452C-9E92-4595E3C56B5F}
	EndGlobalSection
EndGlobal
